
Microsoft Visual Studio Solution File, Format Version 12.00
# Visual Studio Version 17
VisualStudioVersion = 17.5.33424.131
MinimumVisualStudioVersion = 10.0.40219.1
Project("{FAE04EC0-301F-11D3-BF4B-00C04F79EFBC}") = "CompareChallenges", "CompareChallenges\CompareChallenges.csproj", "{58D8160D-D704-49FA-81B8-5D32EB27CF04}"
EndProject
Global
	GlobalSection(SolutionConfigurationPlatforms) = preSolution
		Debug|Any CPU = Debug|Any CPU
		Release|Any CPU = Release|Any CPU
	EndGlobalSection
	GlobalSection(ProjectConfigurationPlatforms) = postSolution
		{58D8160D-D704-49FA-81B8-5D32EB27CF04}.Debug|Any CPU.ActiveCfg = Debug|Any CPU
		{58D8160D-D704-49FA-81B8-5D32EB27CF04}.Debug|Any CPU.Build.0 = Debug|Any CPU
		{58D8160D-D704-49FA-81B8-5D32EB27CF04}.Release|Any CPU.ActiveCfg = Release|Any CPU
		{58D8160D-D704-49FA-81B8-5D32EB27CF04}.Release|Any CPU.Build.0 = Release|Any CPU
	EndGlobalSection
	GlobalSection(SolutionProperties) = preSolution
		HideSolutionNode = FALSE
	EndGlobalSection
	GlobalSection(ExtensibilityGlobals) = postSolution
		SolutionGuid = {28C441DD-70C2-48AA-8A0D-75C9C2F7F466}
	EndGlobalSection
EndGlobal
